
Microsoft Visual Studio Solution File, Format Version 12.00
# Visual Studio Version 16
VisualStudioVersion = 16.0.29519.87
MinimumVisualStudioVersion = 10.0.40219.1
Project("{2150E333-8FDC-42A3-9474-1A3956D46DE8}") = "src", "src", "{7982FC00-312A-434A-8650-05860F9B36DE}"
EndProject
Project("{9A19103F-16F7-4668-BE54-9A1E7A4F7556}") = "Selenium", "src\Selenium\Selenium.csproj", "{EF09CD83-7B48-44A9-92B4-7A1FFDAEF9BE}"
EndProject
Project("{2150E333-8FDC-42A3-9474-1A3956D46DE8}") = "Tests", "Tests", "{E065A06C-0DF9-421D-B087-8BB1D4D0B5ED}"
EndProject
Project("{2150E333-8FDC-42A3-9474-1A3956D46DE8}") = "Unit", "Unit", "{5B860FEC-8406-4E6F-97C1-64167580866D}"
EndProject
Project("{9A19103F-16F7-4668-BE54-9A1E7A4F7556}") = "UnitTests", "Tests\Unit\UnitTests.csproj", "{478F46D6-3037-439D-9D80-3E6D1DFE4E2C}"
EndProject
Project("{2150E333-8FDC-42A3-9474-1A3956D46DE8}") = "Automated", "Automated", "{128DF338-0C7F-45FF-BCCD-C7DF88AB71BC}"
EndProject
Project("{9A19103F-16F7-4668-BE54-9A1E7A4F7556}") = "Bellatrix", "Tests\Automated\Bellatrix\Bellatrix.csproj", "{836DB5A1-BD7E-4142-9F27-DCA3B675D1FF}"
EndProject
Global
	GlobalSection(SolutionConfigurationPlatforms) = preSolution
		Debug|Any CPU = Debug|Any CPU
		Release|Any CPU = Release|Any CPU
	EndGlobalSection
	GlobalSection(ProjectConfigurationPlatforms) = postSolution
		{EF09CD83-7B48-44A9-92B4-7A1FFDAEF9BE}.Debug|Any CPU.ActiveCfg = Debug|Any CPU
		{EF09CD83-7B48-44A9-92B4-7A1FFDAEF9BE}.Debug|Any CPU.Build.0 = Debug|Any CPU
		{EF09CD83-7B48-44A9-92B4-7A1FFDAEF9BE}.Release|Any CPU.ActiveCfg = Release|Any CPU
		{EF09CD83-7B48-44A9-92B4-7A1FFDAEF9BE}.Release|Any CPU.Build.0 = Release|Any CPU
		{478F46D6-3037-439D-9D80-3E6D1DFE4E2C}.Debug|Any CPU.ActiveCfg = Debug|Any CPU
		{478F46D6-3037-439D-9D80-3E6D1DFE4E2C}.Debug|Any CPU.Build.0 = Debug|Any CPU
		{478F46D6-3037-439D-9D80-3E6D1DFE4E2C}.Release|Any CPU.ActiveCfg = Release|Any CPU
		{478F46D6-3037-439D-9D80-3E6D1DFE4E2C}.Release|Any CPU.Build.0 = Release|Any CPU
		{836DB5A1-BD7E-4142-9F27-DCA3B675D1FF}.Debug|Any CPU.ActiveCfg = Debug|Any CPU
		{836DB5A1-BD7E-4142-9F27-DCA3B675D1FF}.Debug|Any CPU.Build.0 = Debug|Any CPU
		{836DB5A1-BD7E-4142-9F27-DCA3B675D1FF}.Release|Any CPU.ActiveCfg = Release|Any CPU
		{836DB5A1-BD7E-4142-9F27-DCA3B675D1FF}.Release|Any CPU.Build.0 = Release|Any CPU
	EndGlobalSection
	GlobalSection(SolutionProperties) = preSolution
		HideSolutionNode = FALSE
	EndGlobalSection
	GlobalSection(NestedProjects) = preSolution
		{EF09CD83-7B48-44A9-92B4-7A1FFDAEF9BE} = {7982FC00-312A-434A-8650-05860F9B36DE}
		{5B860FEC-8406-4E6F-97C1-64167580866D} = {E065A06C-0DF9-421D-B087-8BB1D4D0B5ED}
		{478F46D6-3037-439D-9D80-3E6D1DFE4E2C} = {5B860FEC-8406-4E6F-97C1-64167580866D}
		{128DF338-0C7F-45FF-BCCD-C7DF88AB71BC} = {E065A06C-0DF9-421D-B087-8BB1D4D0B5ED}
		{836DB5A1-BD7E-4142-9F27-DCA3B675D1FF} = {128DF338-0C7F-45FF-BCCD-C7DF88AB71BC}
	EndGlobalSection
	GlobalSection(ExtensibilityGlobals) = postSolution
		SolutionGuid = {1C71FBE6-D67E-42B3-BDA4-D2A4971BEFE7}
	EndGlobalSection
EndGlobal
