
Microsoft Visual Studio Solution File, Format Version 12.00
# Visual Studio 15
VisualStudioVersion = 15.0.27130.2010
MinimumVisualStudioVersion = 10.0.40219.1
Project("{2150E333-8FDC-42A3-9474-1A3956D46DE8}") = "Tests", "Tests", "{60F9AF7B-9600-4270-BF2D-F9283B4F0C08}"
EndProject
Project("{FAE04EC0-301F-11D3-BF4B-00C04F79EFBC}") = "AutomatedTestingFramework.Tests", "Tests\AutomatedTestingFramework.Tests.csproj", "{7AE92BEC-A873-46D6-B651-BAA87EED63DE}"
EndProject
Project("{2150E333-8FDC-42A3-9474-1A3956D46DE8}") = "src", "src", "{E59463A2-9650-4F06-9820-671269B5A4F3}"
EndProject
Project("{FAE04EC0-301F-11D3-BF4B-00C04F79EFBC}") = "AutomatedTestingFramework.Core", "src\AutomatedTestingFramework.Core\AutomatedTestingFramework.Core.csproj", "{5055C769-BB9A-4484-855D-C57D473F71D0}"
EndProject
Project("{FAE04EC0-301F-11D3-BF4B-00C04F79EFBC}") = "AutomatedTestingFramework.Media", "src\AutomatedTestingFramework.Media\AutomatedTestingFramework.Media.csproj", "{B181ADFD-B726-438D-B836-34644CF30F0A}"
EndProject
Project("{FAE04EC0-301F-11D3-BF4B-00C04F79EFBC}") = "AutomatedTestingFramework.Selenium", "src\AutomatedTestingFramework.Selenium\AutomatedTestingFramework.Selenium.csproj", "{F480BF47-3999-44AD-9A82-60B9FEF74CB4}"
EndProject
Global
	GlobalSection(SolutionConfigurationPlatforms) = preSolution
		Debug|Any CPU = Debug|Any CPU
		Release|Any CPU = Release|Any CPU
	EndGlobalSection
	GlobalSection(ProjectConfigurationPlatforms) = postSolution
		{7AE92BEC-A873-46D6-B651-BAA87EED63DE}.Debug|Any CPU.ActiveCfg = Debug|Any CPU
		{7AE92BEC-A873-46D6-B651-BAA87EED63DE}.Debug|Any CPU.Build.0 = Debug|Any CPU
		{7AE92BEC-A873-46D6-B651-BAA87EED63DE}.Release|Any CPU.ActiveCfg = Release|Any CPU
		{7AE92BEC-A873-46D6-B651-BAA87EED63DE}.Release|Any CPU.Build.0 = Release|Any CPU
		{5055C769-BB9A-4484-855D-C57D473F71D0}.Debug|Any CPU.ActiveCfg = Debug|Any CPU
		{5055C769-BB9A-4484-855D-C57D473F71D0}.Debug|Any CPU.Build.0 = Debug|Any CPU
		{5055C769-BB9A-4484-855D-C57D473F71D0}.Release|Any CPU.ActiveCfg = Release|Any CPU
		{5055C769-BB9A-4484-855D-C57D473F71D0}.Release|Any CPU.Build.0 = Release|Any CPU
		{B181ADFD-B726-438D-B836-34644CF30F0A}.Debug|Any CPU.ActiveCfg = Debug|Any CPU
		{B181ADFD-B726-438D-B836-34644CF30F0A}.Debug|Any CPU.Build.0 = Debug|Any CPU
		{B181ADFD-B726-438D-B836-34644CF30F0A}.Release|Any CPU.ActiveCfg = Release|Any CPU
		{B181ADFD-B726-438D-B836-34644CF30F0A}.Release|Any CPU.Build.0 = Release|Any CPU
		{F480BF47-3999-44AD-9A82-60B9FEF74CB4}.Debug|Any CPU.ActiveCfg = Debug|Any CPU
		{F480BF47-3999-44AD-9A82-60B9FEF74CB4}.Debug|Any CPU.Build.0 = Debug|Any CPU
		{F480BF47-3999-44AD-9A82-60B9FEF74CB4}.Release|Any CPU.ActiveCfg = Release|Any CPU
		{F480BF47-3999-44AD-9A82-60B9FEF74CB4}.Release|Any CPU.Build.0 = Release|Any CPU
	EndGlobalSection
	GlobalSection(SolutionProperties) = preSolution
		HideSolutionNode = FALSE
	EndGlobalSection
	GlobalSection(NestedProjects) = preSolution
		{7AE92BEC-A873-46D6-B651-BAA87EED63DE} = {60F9AF7B-9600-4270-BF2D-F9283B4F0C08}
		{5055C769-BB9A-4484-855D-C57D473F71D0} = {E59463A2-9650-4F06-9820-671269B5A4F3}
		{B181ADFD-B726-438D-B836-34644CF30F0A} = {E59463A2-9650-4F06-9820-671269B5A4F3}
		{F480BF47-3999-44AD-9A82-60B9FEF74CB4} = {E59463A2-9650-4F06-9820-671269B5A4F3}
	EndGlobalSection
	GlobalSection(ExtensibilityGlobals) = postSolution
		SolutionGuid = {EDDB3020-FC7C-4904-BE05-C6C206F482C4}
	EndGlobalSection
EndGlobal
